Microsoft Visual Studio Solution File, Format Version 12.00
# Visual Studio Version 17
VisualStudioVersion = 17.5.2.0
MinimumVisualStudioVersion = 10.0.40219.1
Project("{FAE04EC0-301F-11D3-BF4B-00C04F79EFBC}") = "ide", "ide.csproj", "{98F96212-16EA-2551-35ED-E85A2FB34024}"
EndProject
Project("{FAE04EC0-301F-11D3-BF4B-00C04F79EFBC}") = "xunit", "xunit\xunit.csproj", "{63DC9543-34E1-4CE6-B0B7-C38E18216708}"
EndProject
Global
	GlobalSection(SolutionConfigurationPlatforms) = preSolution
		Debug|Any CPU = Debug|Any CPU
		Release|Any CPU = Release|Any CPU
	EndGlobalSection
	GlobalSection(ProjectConfigurationPlatforms) = postSolution
		{98F96212-16EA-2551-35ED-E85A2FB34024}.Debug|Any CPU.ActiveCfg = Debug|Any CPU
		{98F96212-16EA-2551-35ED-E85A2FB34024}.Debug|Any CPU.Build.0 = Debug|Any CPU
		{98F96212-16EA-2551-35ED-E85A2FB34024}.Release|Any CPU.ActiveCfg = Release|Any CPU
		{98F96212-16EA-2551-35ED-E85A2FB34024}.Release|Any CPU.Build.0 = Release|Any CPU
		{63DC9543-34E1-4CE6-B0B7-C38E18216708}.Debug|Any CPU.ActiveCfg = Debug|Any CPU
		{63DC9543-34E1-4CE6-B0B7-C38E18216708}.Debug|Any CPU.Build.0 = Debug|Any CPU
		{63DC9543-34E1-4CE6-B0B7-C38E18216708}.Release|Any CPU.ActiveCfg = Release|Any CPU
		{63DC9543-34E1-4CE6-B0B7-C38E18216708}.Release|Any CPU.Build.0 = Release|Any CPU
	EndGlobalSection
	GlobalSection(SolutionProperties) = preSolution
		HideSolutionNode = FALSE
	EndGlobalSection
	GlobalSection(ExtensibilityGlobals) = postSolution
		SolutionGuid = {38C780A3-6594-413D-BDA8-568561723685}
	EndGlobalSection
EndGlobal
